Microsoft Visual Studio Solution File, Format Version 12.00
# Visual Studio 2012
Project("{FAE04EC0-301F-11D3-BF4B-00C04F79EFBC}") = "Godot State Machine", "Godot State Machine.csproj", "{6737BB73-3099-4E44-B251-B553C64E9C9F}"
EndProject
Global
	GlobalSection(SolutionConfigurationPlatforms) = preSolution
	Debug|Any CPU = Debug|Any CPU
	ExportDebug|Any CPU = ExportDebug|Any CPU
	ExportRelease|Any CPU = ExportRelease|Any CPU
	EndGlobalSection
	GlobalSection(ProjectConfigurationPlatforms) = postSolution
		{6737BB73-3099-4E44-B251-B553C64E9C9F}.Debug|Any CPU.ActiveCfg = Debug|Any CPU
		{6737BB73-3099-4E44-B251-B553C64E9C9F}.Debug|Any CPU.Build.0 = Debug|Any CPU
		{6737BB73-3099-4E44-B251-B553C64E9C9F}.ExportDebug|Any CPU.ActiveCfg = ExportDebug|Any CPU
		{6737BB73-3099-4E44-B251-B553C64E9C9F}.ExportDebug|Any CPU.Build.0 = ExportDebug|Any CPU
		{6737BB73-3099-4E44-B251-B553C64E9C9F}.ExportRelease|Any CPU.ActiveCfg = ExportRelease|Any CPU
		{6737BB73-3099-4E44-B251-B553C64E9C9F}.ExportRelease|Any CPU.Build.0 = ExportRelease|Any CPU
	EndGlobalSection
EndGlobal
